
Microsoft Visual Studio Solution File, Format Version 12.00
# Visual Studio Version 17
VisualStudioVersion = 17.5.1.0
MinimumVisualStudioVersion = 10.0.40219.1
Project("{9A19103F-16F7-4668-BE54-9A1E7A4F7556}") = "Assistant.Extensions.Templates", "Assistant.Extensions.Templates.csproj", "{13FDFE58-F588-4601-B53E-233AFEBE06F3}"
EndProject
Project("{2150E333-8FDC-42A3-9474-1A3956D46DE8}") = "templates", "templates", "{148E0A76-6F72-43C5-BF55-A6A10CC03A7B}"
EndProject
Project("{9A19103F-16F7-4668-BE54-9A1E7A4F7556}") = "AutoCADAutomationExtension", "templates\AutoCADAutomationExtension\AutoCADAutomationExtension.csproj", "{AE735B15-323B-439A-9CD1-5FB8C6D119B4}"
EndProject
Project("{9A19103F-16F7-4668-BE54-9A1E7A4F7556}") = "NavisworksAutomationExtension", "templates\NavisworksAutomationExtension\NavisworksAutomationExtension.csproj", "{B58DC087-243C-411B-8A70-937CC82D51C4}"
EndProject
Project("{9A19103F-16F7-4668-BE54-9A1E7A4F7556}") = "RevitAutomationExtension", "templates\RevitAutomationExtension\RevitAutomationExtension.csproj", "{03F68F5E-B5E5-4A72-98E7-AAC14618C251}"
EndProject
Project("{9A19103F-16F7-4668-BE54-9A1E7A4F7556}") = "TeklaAutomationExtension", "templates\TeklaAutomationExtension\TeklaAutomationExtension.csproj", "{73C04155-21AC-41FC-8FEE-175449C539DD}"
EndProject
Project("{FAE04EC0-301F-11D3-BF4B-00C04F79EFBC}") = "RevitAppExtension", "templates\RevitAppExtension\RevitAppExtension.csproj", "{42D48BAB-1349-EA89-50F0-D675EBBE3047}"
EndProject
Project("{FAE04EC0-301F-11D3-BF4B-00C04F79EFBC}") = "RevitAppFramework", "frameworks\RevitAppFramework\RevitAppFramework.csproj", "{CD43E9CF-6EEA-5947-6046-47C8A30E818F}"
EndProject
Project("{2150E333-8FDC-42A3-9474-1A3956D46DE8}") = "frameworks", "frameworks", "{02EA681E-C7D8-13C7-8484-4AC65E1B71E8}"
EndProject
Project("{2150E333-8FDC-42A3-9474-1A3956D46DE8}") = "platforms", "platforms", "{324791A1-5798-203D-0CA6-A8E0DAEC81C8}"
EndProject
Project("{FAE04EC0-301F-11D3-BF4B-00C04F79EFBC}") = "AssistantPlatform", "platforms\AssistantPlatform\AssistantPlatform.csproj", "{485DDC1B-5F08-4B5D-961A-C5E3481C9AB8}"
EndProject
Project("{FAE04EC0-301F-11D3-BF4B-00C04F79EFBC}") = "AutoCADPlatform", "platforms\AutoCADPlatform\AutoCADPlatform.csproj", "{9A0E8EC8-DD67-4698-B88D-4AC7AFBF8B51}"
EndProject
Project("{FAE04EC0-301F-11D3-BF4B-00C04F79EFBC}") = "NavisworksPlatform", "platforms\NavisworksPlatform\NavisworksPlatform.csproj", "{373A5FB7-B7DD-4739-9A5B-00224A5DACAF}"
EndProject
Project("{FAE04EC0-301F-11D3-BF4B-00C04F79EFBC}") = "RevitPlatform", "platforms\RevitPlatform\RevitPlatform.csproj", "{3440B260-8E46-4EE1-B5FC-34B3B79006C3}"
EndProject
Project("{FAE04EC0-301F-11D3-BF4B-00C04F79EFBC}") = "TeklaPlatform", "platforms\TeklaPlatform\TeklaPlatform.csproj", "{3FCD9C25-249D-4EBB-AB02-61D37A90E63F}"
EndProject
Global
	GlobalSection(SolutionConfigurationPlatforms) = preSolution
		Debug|Any CPU = Debug|Any CPU
		Debug|x64 = Debug|x64
		Debug|x86 = Debug|x86
		Release|Any CPU = Release|Any CPU
		Release|x64 = Release|x64
		Release|x86 = Release|x86
	EndGlobalSection
	GlobalSection(ProjectConfigurationPlatforms) = postSolution
		{13FDFE58-F588-4601-B53E-233AFEBE06F3}.Debug|Any CPU.ActiveCfg = Debug|Any CPU
		{13FDFE58-F588-4601-B53E-233AFEBE06F3}.Debug|Any CPU.Build.0 = Debug|Any CPU
		{13FDFE58-F588-4601-B53E-233AFEBE06F3}.Debug|x64.ActiveCfg = Debug|Any CPU
		{13FDFE58-F588-4601-B53E-233AFEBE06F3}.Debug|x64.Build.0 = Debug|Any CPU
		{13FDFE58-F588-4601-B53E-233AFEBE06F3}.Debug|x86.ActiveCfg = Debug|Any CPU
		{13FDFE58-F588-4601-B53E-233AFEBE06F3}.Debug|x86.Build.0 = Debug|Any CPU
		{13FDFE58-F588-4601-B53E-233AFEBE06F3}.Release|Any CPU.ActiveCfg = Release|Any CPU
		{13FDFE58-F588-4601-B53E-233AFEBE06F3}.Release|Any CPU.Build.0 = Release|Any CPU
		{13FDFE58-F588-4601-B53E-233AFEBE06F3}.Release|x64.ActiveCfg = Release|Any CPU
		{13FDFE58-F588-4601-B53E-233AFEBE06F3}.Release|x64.Build.0 = Release|Any CPU
		{13FDFE58-F588-4601-B53E-233AFEBE06F3}.Release|x86.ActiveCfg = Release|Any CPU
		{13FDFE58-F588-4601-B53E-233AFEBE06F3}.Release|x86.Build.0 = Release|Any CPU
		{AE735B15-323B-439A-9CD1-5FB8C6D119B4}.Debug|Any CPU.ActiveCfg = Debug 2019|Any CPU
		{AE735B15-323B-439A-9CD1-5FB8C6D119B4}.Debug|Any CPU.Build.0 = Debug 2019|Any CPU
		{AE735B15-323B-439A-9CD1-5FB8C6D119B4}.Debug|x64.ActiveCfg = Debug|Any CPU
		{AE735B15-323B-439A-9CD1-5FB8C6D119B4}.Debug|x64.Build.0 = Debug|Any CPU
		{AE735B15-323B-439A-9CD1-5FB8C6D119B4}.Debug|x86.ActiveCfg = Debug|Any CPU
		{AE735B15-323B-439A-9CD1-5FB8C6D119B4}.Debug|x86.Build.0 = Debug|Any CPU
		{AE735B15-323B-439A-9CD1-5FB8C6D119B4}.Release|Any CPU.ActiveCfg = Release 2019|Any CPU
		{AE735B15-323B-439A-9CD1-5FB8C6D119B4}.Release|Any CPU.Build.0 = Release 2019|Any CPU
		{AE735B15-323B-439A-9CD1-5FB8C6D119B4}.Release|x64.ActiveCfg = Release|Any CPU
		{AE735B15-323B-439A-9CD1-5FB8C6D119B4}.Release|x64.Build.0 = Release|Any CPU
		{AE735B15-323B-439A-9CD1-5FB8C6D119B4}.Release|x86.ActiveCfg = Release|Any CPU
		{AE735B15-323B-439A-9CD1-5FB8C6D119B4}.Release|x86.Build.0 = Release|Any CPU
		{B58DC087-243C-411B-8A70-937CC82D51C4}.Debug|Any CPU.ActiveCfg = Debug 2019|Any CPU
		{B58DC087-243C-411B-8A70-937CC82D51C4}.Debug|Any CPU.Build.0 = Debug 2019|Any CPU
		{B58DC087-243C-411B-8A70-937CC82D51C4}.Debug|x64.ActiveCfg = Debug|Any CPU
		{B58DC087-243C-411B-8A70-937CC82D51C4}.Debug|x64.Build.0 = Debug|Any CPU
		{B58DC087-243C-411B-8A70-937CC82D51C4}.Debug|x86.ActiveCfg = Debug|Any CPU
		{B58DC087-243C-411B-8A70-937CC82D51C4}.Debug|x86.Build.0 = Debug|Any CPU
		{B58DC087-243C-411B-8A70-937CC82D51C4}.Release|Any CPU.ActiveCfg = Release 2019|Any CPU
		{B58DC087-243C-411B-8A70-937CC82D51C4}.Release|Any CPU.Build.0 = Release 2019|Any CPU
		{B58DC087-243C-411B-8A70-937CC82D51C4}.Release|x64.ActiveCfg = Release|Any CPU
		{B58DC087-243C-411B-8A70-937CC82D51C4}.Release|x64.Build.0 = Release|Any CPU
		{B58DC087-243C-411B-8A70-937CC82D51C4}.Release|x86.ActiveCfg = Release|Any CPU
		{B58DC087-243C-411B-8A70-937CC82D51C4}.Release|x86.Build.0 = Release|Any CPU
		{03F68F5E-B5E5-4A72-98E7-AAC14618C251}.Debug|Any CPU.ActiveCfg = Debug 2019|Any CPU
		{03F68F5E-B5E5-4A72-98E7-AAC14618C251}.Debug|Any CPU.Build.0 = Debug 2019|Any CPU
		{03F68F5E-B5E5-4A72-98E7-AAC14618C251}.Debug|x64.ActiveCfg = Debug|Any CPU
		{03F68F5E-B5E5-4A72-98E7-AAC14618C251}.Debug|x64.Build.0 = Debug|Any CPU
		{03F68F5E-B5E5-4A72-98E7-AAC14618C251}.Debug|x86.ActiveCfg = Debug|Any CPU
		{03F68F5E-B5E5-4A72-98E7-AAC14618C251}.Debug|x86.Build.0 = Debug|Any CPU
		{03F68F5E-B5E5-4A72-98E7-AAC14618C251}.Release|Any CPU.ActiveCfg = Release 2019|Any CPU
		{03F68F5E-B5E5-4A72-98E7-AAC14618C251}.Release|Any CPU.Build.0 = Release 2019|Any CPU
		{03F68F5E-B5E5-4A72-98E7-AAC14618C251}.Release|x64.ActiveCfg = Release|Any CPU
		{03F68F5E-B5E5-4A72-98E7-AAC14618C251}.Release|x64.Build.0 = Release|Any CPU
		{03F68F5E-B5E5-4A72-98E7-AAC14618C251}.Release|x86.ActiveCfg = Release|Any CPU
		{03F68F5E-B5E5-4A72-98E7-AAC14618C251}.Release|x86.Build.0 = Release|Any CPU
		{73C04155-21AC-41FC-8FEE-175449C539DD}.Debug|Any CPU.ActiveCfg = Debug|Any CPU
		{73C04155-21AC-41FC-8FEE-175449C539DD}.Debug|Any CPU.Build.0 = Debug|Any CPU
		{73C04155-21AC-41FC-8FEE-175449C539DD}.Debug|x64.ActiveCfg = Debug|Any CPU
		{73C04155-21AC-41FC-8FEE-175449C539DD}.Debug|x64.Build.0 = Debug|Any CPU
		{73C04155-21AC-41FC-8FEE-175449C539DD}.Debug|x86.ActiveCfg = Debug|Any CPU
		{73C04155-21AC-41FC-8FEE-175449C539DD}.Debug|x86.Build.0 = Debug|Any CPU
		{73C04155-21AC-41FC-8FEE-175449C539DD}.Release|Any CPU.ActiveCfg = Release 2020|Any CPU
		{73C04155-21AC-41FC-8FEE-175449C539DD}.Release|Any CPU.Build.0 = Release 2020|Any CPU
		{73C04155-21AC-41FC-8FEE-175449C539DD}.Release|x64.ActiveCfg = Release|Any CPU
		{73C04155-21AC-41FC-8FEE-175449C539DD}.Release|x64.Build.0 = Release|Any CPU
		{73C04155-21AC-41FC-8FEE-175449C539DD}.Release|x86.ActiveCfg = Release|Any CPU
		{73C04155-21AC-41FC-8FEE-175449C539DD}.Release|x86.Build.0 = Release|Any CPU
		{42D48BAB-1349-EA89-50F0-D675EBBE3047}.Debug|Any CPU.ActiveCfg = Design|Any CPU
		{42D48BAB-1349-EA89-50F0-D675EBBE3047}.Debug|Any CPU.Build.0 = Design|Any CPU
		{42D48BAB-1349-EA89-50F0-D675EBBE3047}.Debug|x64.ActiveCfg = Debug|Any CPU
		{42D48BAB-1349-EA89-50F0-D675EBBE3047}.Debug|x64.Build.0 = Debug|Any CPU
		{42D48BAB-1349-EA89-50F0-D675EBBE3047}.Debug|x86.ActiveCfg = Debug|Any CPU
		{42D48BAB-1349-EA89-50F0-D675EBBE3047}.Debug|x86.Build.0 = Debug|Any CPU
		{42D48BAB-1349-EA89-50F0-D675EBBE3047}.Release|Any CPU.ActiveCfg = Release|Any CPU
		{42D48BAB-1349-EA89-50F0-D675EBBE3047}.Release|Any CPU.Build.0 = Release|Any CPU
		{42D48BAB-1349-EA89-50F0-D675EBBE3047}.Release|x64.ActiveCfg = Release|Any CPU
		{42D48BAB-1349-EA89-50F0-D675EBBE3047}.Release|x64.Build.0 = Release|Any CPU
		{42D48BAB-1349-EA89-50F0-D675EBBE3047}.Release|x86.ActiveCfg = Release|Any CPU
		{42D48BAB-1349-EA89-50F0-D675EBBE3047}.Release|x86.Build.0 = Release|Any CPU
		{CD43E9CF-6EEA-5947-6046-47C8A30E818F}.Debug|Any CPU.ActiveCfg = Debug|Any CPU
		{CD43E9CF-6EEA-5947-6046-47C8A30E818F}.Debug|Any CPU.Build.0 = Debug|Any CPU
		{CD43E9CF-6EEA-5947-6046-47C8A30E818F}.Debug|x64.ActiveCfg = Debug|Any CPU
		{CD43E9CF-6EEA-5947-6046-47C8A30E818F}.Debug|x64.Build.0 = Debug|Any CPU
		{CD43E9CF-6EEA-5947-6046-47C8A30E818F}.Debug|x86.ActiveCfg = Debug|Any CPU
		{CD43E9CF-6EEA-5947-6046-47C8A30E818F}.Debug|x86.Build.0 = Debug|Any CPU
		{CD43E9CF-6EEA-5947-6046-47C8A30E818F}.Release|Any CPU.ActiveCfg = Release 2019|Any CPU
		{CD43E9CF-6EEA-5947-6046-47C8A30E818F}.Release|Any CPU.Build.0 = Release 2019|Any CPU
		{CD43E9CF-6EEA-5947-6046-47C8A30E818F}.Release|x64.ActiveCfg = Release|Any CPU
		{CD43E9CF-6EEA-5947-6046-47C8A30E818F}.Release|x64.Build.0 = Release|Any CPU
		{CD43E9CF-6EEA-5947-6046-47C8A30E818F}.Release|x86.ActiveCfg = Release|Any CPU
		{CD43E9CF-6EEA-5947-6046-47C8A30E818F}.Release|x86.Build.0 = Release|Any CPU
		{485DDC1B-5F08-4B5D-961A-C5E3481C9AB8}.Debug|Any CPU.ActiveCfg = Debug|Any CPU
		{485DDC1B-5F08-4B5D-961A-C5E3481C9AB8}.Debug|Any CPU.Build.0 = Debug|Any CPU
		{485DDC1B-5F08-4B5D-961A-C5E3481C9AB8}.Debug|x64.ActiveCfg = Debug|Any CPU
		{485DDC1B-5F08-4B5D-961A-C5E3481C9AB8}.Debug|x64.Build.0 = Debug|Any CPU
		{485DDC1B-5F08-4B5D-961A-C5E3481C9AB8}.Debug|x86.ActiveCfg = Debug|Any CPU
		{485DDC1B-5F08-4B5D-961A-C5E3481C9AB8}.Debug|x86.Build.0 = Debug|Any CPU
		{485DDC1B-5F08-4B5D-961A-C5E3481C9AB8}.Release|Any CPU.ActiveCfg = Release|Any CPU
		{485DDC1B-5F08-4B5D-961A-C5E3481C9AB8}.Release|Any CPU.Build.0 = Release|Any CPU
		{485DDC1B-5F08-4B5D-961A-C5E3481C9AB8}.Release|x64.ActiveCfg = Release|Any CPU
		{485DDC1B-5F08-4B5D-961A-C5E3481C9AB8}.Release|x64.Build.0 = Release|Any CPU
		{485DDC1B-5F08-4B5D-961A-C5E3481C9AB8}.Release|x86.ActiveCfg = Release|Any CPU
		{485DDC1B-5F08-4B5D-961A-C5E3481C9AB8}.Release|x86.Build.0 = Release|Any CPU
		{9A0E8EC8-DD67-4698-B88D-4AC7AFBF8B51}.Debug|Any CPU.ActiveCfg = Debug|Any CPU
		{9A0E8EC8-DD67-4698-B88D-4AC7AFBF8B51}.Debug|Any CPU.Build.0 = Debug|Any CPU
		{9A0E8EC8-DD67-4698-B88D-4AC7AFBF8B51}.Debug|x64.ActiveCfg = Debug|Any CPU
		{9A0E8EC8-DD67-4698-B88D-4AC7AFBF8B51}.Debug|x64.Build.0 = Debug|Any CPU
		{9A0E8EC8-DD67-4698-B88D-4AC7AFBF8B51}.Debug|x86.ActiveCfg = Debug|Any CPU
		{9A0E8EC8-DD67-4698-B88D-4AC7AFBF8B51}.Debug|x86.Build.0 = Debug|Any CPU
		{9A0E8EC8-DD67-4698-B88D-4AC7AFBF8B51}.Release|Any CPU.ActiveCfg = Release|Any CPU
		{9A0E8EC8-DD67-4698-B88D-4AC7AFBF8B51}.Release|Any CPU.Build.0 = Release|Any CPU
		{9A0E8EC8-DD67-4698-B88D-4AC7AFBF8B51}.Release|x64.ActiveCfg = Release|Any CPU
		{9A0E8EC8-DD67-4698-B88D-4AC7AFBF8B51}.Release|x64.Build.0 = Release|Any CPU
		{9A0E8EC8-DD67-4698-B88D-4AC7AFBF8B51}.Release|x86.ActiveCfg = Release|Any CPU
		{9A0E8EC8-DD67-4698-B88D-4AC7AFBF8B51}.Release|x86.Build.0 = Release|Any CPU
		{373A5FB7-B7DD-4739-9A5B-00224A5DACAF}.Debug|Any CPU.ActiveCfg = Debug|Any CPU
		{373A5FB7-B7DD-4739-9A5B-00224A5DACAF}.Debug|Any CPU.Build.0 = Debug|Any CPU
		{373A5FB7-B7DD-4739-9A5B-00224A5DACAF}.Debug|x64.ActiveCfg = Debug|Any CPU
		{373A5FB7-B7DD-4739-9A5B-00224A5DACAF}.Debug|x64.Build.0 = Debug|Any CPU
		{373A5FB7-B7DD-4739-9A5B-00224A5DACAF}.Debug|x86.ActiveCfg = Debug|Any CPU
		{373A5FB7-B7DD-4739-9A5B-00224A5DACAF}.Debug|x86.Build.0 = Debug|Any CPU
		{373A5FB7-B7DD-4739-9A5B-00224A5DACAF}.Release|Any CPU.ActiveCfg = Release|Any CPU
		{373A5FB7-B7DD-4739-9A5B-00224A5DACAF}.Release|Any CPU.Build.0 = Release|Any CPU
		{373A5FB7-B7DD-4739-9A5B-00224A5DACAF}.Release|x64.ActiveCfg = Release|Any CPU
		{373A5FB7-B7DD-4739-9A5B-00224A5DACAF}.Release|x64.Build.0 = Release|Any CPU
		{373A5FB7-B7DD-4739-9A5B-00224A5DACAF}.Release|x86.ActiveCfg = Release|Any CPU
		{373A5FB7-B7DD-4739-9A5B-00224A5DACAF}.Release|x86.Build.0 = Release|Any CPU
		{3440B260-8E46-4EE1-B5FC-34B3B79006C3}.Debug|Any CPU.ActiveCfg = Debug|Any CPU
		{3440B260-8E46-4EE1-B5FC-34B3B79006C3}.Debug|Any CPU.Build.0 = Debug|Any CPU
		{3440B260-8E46-4EE1-B5FC-34B3B79006C3}.Debug|x64.ActiveCfg = Debug|Any CPU
		{3440B260-8E46-4EE1-B5FC-34B3B79006C3}.Debug|x64.Build.0 = Debug|Any CPU
		{3440B260-8E46-4EE1-B5FC-34B3B79006C3}.Debug|x86.ActiveCfg = Debug|Any CPU
		{3440B260-8E46-4EE1-B5FC-34B3B79006C3}.Debug|x86.Build.0 = Debug|Any CPU
		{3440B260-8E46-4EE1-B5FC-34B3B79006C3}.Release|Any CPU.ActiveCfg = Release|Any CPU
		{3440B260-8E46-4EE1-B5FC-34B3B79006C3}.Release|Any CPU.Build.0 = Release|Any CPU
		{3440B260-8E46-4EE1-B5FC-34B3B79006C3}.Release|x64.ActiveCfg = Release|Any CPU
		{3440B260-8E46-4EE1-B5FC-34B3B79006C3}.Release|x64.Build.0 = Release|Any CPU
		{3440B260-8E46-4EE1-B5FC-34B3B79006C3}.Release|x86.ActiveCfg = Release|Any CPU
		{3440B260-8E46-4EE1-B5FC-34B3B79006C3}.Release|x86.Build.0 = Release|Any CPU
		{3FCD9C25-249D-4EBB-AB02-61D37A90E63F}.Debug|Any CPU.ActiveCfg = Debug|Any CPU
		{3FCD9C25-249D-4EBB-AB02-61D37A90E63F}.Debug|Any CPU.Build.0 = Debug|Any CPU
		{3FCD9C25-249D-4EBB-AB02-61D37A90E63F}.Debug|x64.ActiveCfg = Debug|Any CPU
		{3FCD9C25-249D-4EBB-AB02-61D37A90E63F}.Debug|x64.Build.0 = Debug|Any CPU
		{3FCD9C25-249D-4EBB-AB02-61D37A90E63F}.Debug|x86.ActiveCfg = Debug|Any CPU
		{3FCD9C25-249D-4EBB-AB02-61D37A90E63F}.Debug|x86.Build.0 = Debug|Any CPU
		{3FCD9C25-249D-4EBB-AB02-61D37A90E63F}.Release|Any CPU.ActiveCfg = Release|Any CPU
		{3FCD9C25-249D-4EBB-AB02-61D37A90E63F}.Release|Any CPU.Build.0 = Release|Any CPU
		{3FCD9C25-249D-4EBB-AB02-61D37A90E63F}.Release|x64.ActiveCfg = Release|Any CPU
		{3FCD9C25-249D-4EBB-AB02-61D37A90E63F}.Release|x64.Build.0 = Release|Any CPU
		{3FCD9C25-249D-4EBB-AB02-61D37A90E63F}.Release|x86.ActiveCfg = Release|Any CPU
		{3FCD9C25-249D-4EBB-AB02-61D37A90E63F}.Release|x86.Build.0 = Release|Any CPU
	EndGlobalSection
	GlobalSection(SolutionProperties) = preSolution
		HideSolutionNode = FALSE
	EndGlobalSection
	GlobalSection(NestedProjects) = preSolution
		{AE735B15-323B-439A-9CD1-5FB8C6D119B4} = {148E0A76-6F72-43C5-BF55-A6A10CC03A7B}
		{B58DC087-243C-411B-8A70-937CC82D51C4} = {148E0A76-6F72-43C5-BF55-A6A10CC03A7B}
		{03F68F5E-B5E5-4A72-98E7-AAC14618C251} = {148E0A76-6F72-43C5-BF55-A6A10CC03A7B}
		{73C04155-21AC-41FC-8FEE-175449C539DD} = {148E0A76-6F72-43C5-BF55-A6A10CC03A7B}
		{42D48BAB-1349-EA89-50F0-D675EBBE3047} = {148E0A76-6F72-43C5-BF55-A6A10CC03A7B}
		{CD43E9CF-6EEA-5947-6046-47C8A30E818F} = {02EA681E-C7D8-13C7-8484-4AC65E1B71E8}
		{485DDC1B-5F08-4B5D-961A-C5E3481C9AB8} = {324791A1-5798-203D-0CA6-A8E0DAEC81C8}
		{9A0E8EC8-DD67-4698-B88D-4AC7AFBF8B51} = {324791A1-5798-203D-0CA6-A8E0DAEC81C8}
		{373A5FB7-B7DD-4739-9A5B-00224A5DACAF} = {324791A1-5798-203D-0CA6-A8E0DAEC81C8}
		{3440B260-8E46-4EE1-B5FC-34B3B79006C3} = {324791A1-5798-203D-0CA6-A8E0DAEC81C8}
		{3FCD9C25-249D-4EBB-AB02-61D37A90E63F} = {324791A1-5798-203D-0CA6-A8E0DAEC81C8}
	EndGlobalSection
	GlobalSection(ExtensibilityGlobals) = postSolution
		SolutionGuid = {97952A9C-0551-4FF7-A178-19960B34A9DE}
	EndGlobalSection
EndGlobal
